
Microsoft Visual Studio Solution File, Format Version 12.00
# Visual Studio 15
VisualStudioVersion = 15.0.28307.960
MinimumVisualStudioVersion = 10.0.40219.1
Project("{9A19103F-16F7-4668-BE54-9A1E7A4F7556}") = "TeamsAuth", "TeamsAuth.csproj", "{B0E4376E-AA19-498F-AFD1-74F830C5A850}"
EndProject
Global
	GlobalSection(SolutionConfigurationPlatforms) = preSolution
		Debug|Any CPU = Debug|Any CPU
		Release|Any CPU = Release|Any CPU
	EndGlobalSection
	GlobalSection(ProjectConfigurationPlatforms) = postSolution
		{B0E4376E-AA19-498F-AFD1-74F830C5A850}.Debug|Any CPU.ActiveCfg = Debug|Any CPU
		{B0E4376E-AA19-498F-AFD1-74F830C5A850}.Debug|Any CPU.Build.0 = Debug|Any CPU
		{B0E4376E-AA19-498F-AFD1-74F830C5A850}.Release|Any CPU.ActiveCfg = Release|Any CPU
		{B0E4376E-AA19-498F-AFD1-74F830C5A850}.Release|Any CPU.Build.0 = Release|Any CPU
	EndGlobalSection
	GlobalSection(SolutionProperties) = preSolution
		HideSolutionNode = FALSE
	EndGlobalSection
	GlobalSection(ExtensibilityGlobals) = postSolution
		SolutionGuid = {3C641FB8-F0F1-4373-9ACA-D52FE07AEE88}
	EndGlobalSection
EndGlobal
